
Microsoft Visual Studio Solution File, Format Version 12.00
# Visual Studio Version 16
VisualStudioVersion = 16.0.32602.291
MinimumVisualStudioVersion = 10.0.40219.1
Project("{FAE04EC0-301F-11D3-BF4B-00C04F79EFBC}") = "WebRequestV2", "WebRequestV2.csproj", "{D06BD830-49DA-4912-A6C4-064AF1FB9F36}"
EndProject
Global
	GlobalSection(SolutionConfigurationPlatforms) = preSolution
		Debug|Any CPU = Debug|Any CPU
		Release|Any CPU = Release|Any CPU
	EndGlobalSection
	GlobalSection(ProjectConfigurationPlatforms) = postSolution
		{D06BD830-49DA-4912-A6C4-064AF1FB9F36}.Debug|Any CPU.ActiveCfg = Debug|Any CPU
		{D06BD830-49DA-4912-A6C4-064AF1FB9F36}.Debug|Any CPU.Build.0 = Debug|Any CPU
		{D06BD830-49DA-4912-A6C4-064AF1FB9F36}.Release|Any CPU.ActiveCfg = Release|Any CPU
		{D06BD830-49DA-4912-A6C4-064AF1FB9F36}.Release|Any CPU.Build.0 = Release|Any CPU
	EndGlobalSection
	GlobalSection(SolutionProperties) = preSolution
		HideSolutionNode = FALSE
	EndGlobalSection
	GlobalSection(ExtensibilityGlobals) = postSolution
		SolutionGuid = {F55499D6-6335-4E97-81C5-3C643DD6F590}
	EndGlobalSection
EndGlobal
