
Microsoft Visual Studio Solution File, Format Version 12.00
# Visual Studio Version 16
VisualStudioVersion = 16.0.31702.278
MinimumVisualStudioVersion = 10.0.40219.1
Project("{FAE04EC0-301F-11D3-BF4B-00C04F79EFBC}") = "Sisarp2", "Sisarp2.csproj", "{8B9340D9-A19B-4BA5-B949-E2080838880B}"
EndProject
Global
	GlobalSection(SolutionConfigurationPlatforms) = preSolution
		Debug|Any CPU = Debug|Any CPU
		Release|Any CPU = Release|Any CPU
	EndGlobalSection
	GlobalSection(ProjectConfigurationPlatforms) = postSolution
		{8B9340D9-A19B-4BA5-B949-E2080838880B}.Debug|Any CPU.ActiveCfg = Debug|Any CPU
		{8B9340D9-A19B-4BA5-B949-E2080838880B}.Debug|Any CPU.Build.0 = Debug|Any CPU
		{8B9340D9-A19B-4BA5-B949-E2080838880B}.Release|Any CPU.ActiveCfg = Release|Any CPU
		{8B9340D9-A19B-4BA5-B949-E2080838880B}.Release|Any CPU.Build.0 = Release|Any CPU
	EndGlobalSection
	GlobalSection(SolutionProperties) = preSolution
		HideSolutionNode = FALSE
	EndGlobalSection
	GlobalSection(ExtensibilityGlobals) = postSolution
		SolutionGuid = {3ABEDA50-8AA6-42E2-ABB7-A83875A835D9}
	EndGlobalSection
EndGlobal
